{
  "nodes": {
    "flake": {
      "inputs": {
        "nixpkgs": "nixpkgs"
      },
      "locked": {
        "lastModified": 1787183642,
        "narHash": "sha256-XUPPWZaPQfF5e4fmqhKNf+ckjtlNiyHn9I3FetZrJW8=",
        "owner": "fenhl",
        "repo": "flake",
        "rev": "9f3ea6979c882ff989409ef503438d1cdeace9ff",
        "type": "github"
      },
      "original": {
        "owner": "fenhl",
        "repo": "flake",
        "type": "github"
      }
    },
    "nixpkgs": {
      "locked": {
        "lastModified": 1787101114,
        "narHash": "sha256-gwrPcFf/rDjHPaVflbDZ040ZDmBTRj/7+s8ZmE2SaIM=",
        "rev": "b18a4b905f8d028dc4476412e6d6891728695379",
        "revCount": 1012336,
        "type": "tarball",
        "url": "https://api.flakehub.com/f/pinned/NixOS/nixpkgs/0.2605.1012336%2Brev-b18a4b905f8d028dc4476412e6d6891728695379/01a01b1d-c5c8-76a1-a130-990e623a8e2a/source.tar.gz"
      },
      "original": {
        "type": "tarball",
        "url": "https://flakehub.com/f/NixOS/nixpkgs/%2A.tar.gz"
      }
    },
    "root": {
      "inputs": {
        "flake": "flake"
      }
    }
  },
  "root": "root",
  "version": 7
}
